
Microsoft Visual Studio Solution File, Format Version 12.00
# Visual Studio Version 17
VisualStudioVersion = 17.7.34221.43
MinimumVisualStudioVersion = 10.0.40219.1
Project("{FAE04EC0-301F-11D3-BF4B-00C04F79EFBC}") = "restarunttest2", "restarunttest2\restarunttest2.csproj", "{717EE7E0-9B18-4487-9DC7-BDB4E90A6C8D}"
EndProject
Global
	GlobalSection(SolutionConfigurationPlatforms) = preSolution
		Debug|Any CPU = Debug|Any CPU
		Release|Any CPU = Release|Any CPU
	EndGlobalSection
	GlobalSection(ProjectConfigurationPlatforms) = postSolution
		{717EE7E0-9B18-4487-9DC7-BDB4E90A6C8D}.Debug|Any CPU.ActiveCfg = Debug|Any CPU
		{717EE7E0-9B18-4487-9DC7-BDB4E90A6C8D}.Debug|Any CPU.Build.0 = Debug|Any CPU
		{717EE7E0-9B18-4487-9DC7-BDB4E90A6C8D}.Release|Any CPU.ActiveCfg = Release|Any CPU
		{717EE7E0-9B18-4487-9DC7-BDB4E90A6C8D}.Release|Any CPU.Build.0 = Release|Any CPU
	EndGlobalSection
	GlobalSection(SolutionProperties) = preSolution
		HideSolutionNode = FALSE
	EndGlobalSection
	GlobalSection(ExtensibilityGlobals) = postSolution
		SolutionGuid = {FB158E02-BC02-4A78-932D-B77FCF52E821}
	EndGlobalSection
EndGlobal
